# This file is automatically @generated by Cargo.
# It is not intended for manual editing.
version = 4

[[package]]
name = "grebe"
version = "0.5.1"
dependencies = [
 "grebe-format",
 "grebe-lsp",
 "grebe-rules",
 "grebe-syntax",
]

[[package]]
name = "grebe-format"
version = "0.5.1"
dependencies = [
 "grebe-syntax",
]

[[package]]
name = "grebe-lsp"
version = "0.5.1"
dependencies = [
 "grebe-format",
 "grebe-rules",
 "grebe-syntax",
]

[[package]]
name = "grebe-rules"
version = "0.5.1"
dependencies = [
 "grebe-syntax",
]

[[package]]
name = "grebe-syntax"
version = "0.5.1"
